
Microsoft Visual Studio Solution File, Format Version 12.00
# Visual Studio 15
VisualStudioVersion = 15.0.28010.2041
MinimumVisualStudioVersion = 10.0.40219.1
Project("{FAE04EC0-301F-11D3-BF4B-00C04F79EFBC}") = "CalculatorLibrary", "CalculatorLibrary\CalculatorLibrary.csproj", "{C0BCC85D-F432-41AB-970A-95ADBA9CDAC8}"
EndProject
Project("{FAE04EC0-301F-11D3-BF4B-00C04F79EFBC}") = "CalculatorTest", "CalculatorTest\CalculatorTest.csproj", "{440256EE-215C-470E-9D96-9839A7F6AB37}"
EndProject
Global
	GlobalSection(SolutionConfigurationPlatforms) = preSolution
		Debug|Any CPU = Debug|Any CPU
		Release|Any CPU = Release|Any CPU
	EndGlobalSection
	GlobalSection(ProjectConfigurationPlatforms) = postSolution
		{C0BCC85D-F432-41AB-970A-95ADBA9CDAC8}.Debug|Any CPU.ActiveCfg = Debug|Any CPU
		{C0BCC85D-F432-41AB-970A-95ADBA9CDAC8}.Debug|Any CPU.Build.0 = Debug|Any CPU
		{C0BCC85D-F432-41AB-970A-95ADBA9CDAC8}.Release|Any CPU.ActiveCfg = Release|Any CPU
		{C0BCC85D-F432-41AB-970A-95ADBA9CDAC8}.Release|Any CPU.Build.0 = Release|Any CPU
		{440256EE-215C-470E-9D96-9839A7F6AB37}.Debug|Any CPU.ActiveCfg = Debug|Any CPU
		{440256EE-215C-470E-9D96-9839A7F6AB37}.Debug|Any CPU.Build.0 = Debug|Any CPU
		{440256EE-215C-470E-9D96-9839A7F6AB37}.Release|Any CPU.ActiveCfg = Release|Any CPU
		{440256EE-215C-470E-9D96-9839A7F6AB37}.Release|Any CPU.Build.0 = Release|Any CPU
	EndGlobalSection
	GlobalSection(SolutionProperties) = preSolution
		HideSolutionNode = FALSE
	EndGlobalSection
	GlobalSection(ExtensibilityGlobals) = postSolution
		SolutionGuid = {8B248370-5339-467E-852E-F60CC552F13D}
	EndGlobalSection
EndGlobal
